
Microsoft Visual Studio Solution File, Format Version 12.00
# Visual Studio Version 17
VisualStudioVersion = 17.6.33829.357
MinimumVisualStudioVersion = 10.0.40219.1
Project("{FAE04EC0-301F-11D3-BF4B-00C04F79EFBC}") = "Task", "Task.csproj", "{400F1F93-9A99-4B8D-9D69-83B22E7EDCCB}"
EndProject
Global
	GlobalSection(SolutionConfigurationPlatforms) = preSolution
		Debug|Any CPU = Debug|Any CPU
		Release|Any CPU = Release|Any CPU
	EndGlobalSection
	GlobalSection(ProjectConfigurationPlatforms) = postSolution
		{400F1F93-9A99-4B8D-9D69-83B22E7EDCCB}.Debug|Any CPU.ActiveCfg = Debug|Any CPU
		{400F1F93-9A99-4B8D-9D69-83B22E7EDCCB}.Debug|Any CPU.Build.0 = Debug|Any CPU
		{400F1F93-9A99-4B8D-9D69-83B22E7EDCCB}.Release|Any CPU.ActiveCfg = Release|Any CPU
		{400F1F93-9A99-4B8D-9D69-83B22E7EDCCB}.Release|Any CPU.Build.0 = Release|Any CPU
	EndGlobalSection
	GlobalSection(SolutionProperties) = preSolution
		HideSolutionNode = FALSE
	EndGlobalSection
	GlobalSection(ExtensibilityGlobals) = postSolution
		SolutionGuid = {28307CA8-3730-4361-AF1A-D8C831A0C152}
	EndGlobalSection
EndGlobal
